
Microsoft Visual Studio Solution File, Format Version 12.00
# Visual Studio 2012
Project("{2150E333-8FDC-42A3-9474-1A3956D46DE8}") = "Модуль 01 - Введение в C Sharp", "Модуль 01 - Введение в C Sharp", "{4ED1D997-A179-4BE6-B6CB-A36FE7380ACE}"
EndProject
Project("{FAE04EC0-301F-11D3-BF4B-00C04F79EFBC}") = "Лекция 01 - Hello, world!", "Модуль 01 - Введение в C Sharp\Лекция 01 - Hello, world!\Лекция 01 - Hello, world!.csproj", "{DF511F11-A987-4EB0-BE35-BC17761F4361}"
EndProject
Project("{2150E333-8FDC-42A3-9474-1A3956D46DE8}") = "Лекция 02 - Ошибки", "Лекция 02 - Ошибки", "{D978B0B6-2118-4863-9DA2-234963865730}"
EndProject
Project("{FAE04EC0-301F-11D3-BF4B-00C04F79EFBC}") = "Часть 01 - Ошибки компиляции и выполнения", "Модуль 01 - Введение в C Sharp\Лекция 02 - Ошибки\Часть 01 - Ошибки компиляции и выполнения\Часть 01 - Ошибки компиляции и выполнения.csproj", "{D8406531-C157-4465-A4AE-8C405CBDE83C}"
EndProject
Project("{FAE04EC0-301F-11D3-BF4B-00C04F79EFBC}") = "Часть 02 - Рефакторинг", "Модуль 01 - Введение в C Sharp\Лекция 02 - Ошибки\Часть 02 - Рефакторинг\Часть 02 - Рефакторинг.csproj", "{40AC4BFD-A067-4B5E-968B-ABB793797980}"
EndProject
Project("{FAE04EC0-301F-11D3-BF4B-00C04F79EFBC}") = "Лекция 03 - if, while, for", "Модуль 01 - Введение в C Sharp\Лекция 03 - if, while, for\Лекция 03 - if, while, for.csproj", "{F8756C5B-DAD0-4E0F-AAA8-B805F7DA548F}"
EndProject
Project("{FAE04EC0-301F-11D3-BF4B-00C04F79EFBC}") = "Лекция 04 - Массивы и ссылочные типы", "Модуль 01 - Введение в C Sharp\Лекция 04 - Массивы и ссылочные типы\Лекция 04 - Массивы и ссылочные типы.csproj", "{3E935AD3-A87B-44AD-B221-BBB9EB6FAF0B}"
EndProject
Project("{FAE04EC0-301F-11D3-BF4B-00C04F79EFBC}") = "Лекция 05 - Коллекции, строки и файлы", "Модуль 01 - Введение в C Sharp\Лекция 05 - Коллекции, строки и файлы\Лекция 05 - Коллекции, строки и файлы.csproj", "{36088E0C-261E-4722-908D-B1B9E1E994A9}"
EndProject
Project("{2150E333-8FDC-42A3-9474-1A3956D46DE8}") = "Common", "Common", "{DB1EC180-2BA0-4FAE-82C8-3EA1A6845FA3}"
EndProject
Project("{FAE04EC0-301F-11D3-BF4B-00C04F79EFBC}") = "Renamer", "Common\Renamer\Renamer.csproj", "{358E181E-2931-4A5A-A49F-FA1C4CB55C10}"
EndProject
Project("{2150E333-8FDC-42A3-9474-1A3956D46DE8}") = "Лекция 06 - Автоматическое тестирование", "Лекция 06 - Автоматическое тестирование", "{9BE9A6CD-59DA-4B0E-922B-18C2B682B9CF}"
EndProject
Project("{FAE04EC0-301F-11D3-BF4B-00C04F79EFBC}") = "EquationTester", "Модуль 01 - Введение в C Sharp\Лекция 06 - Автоматическое тестирование\EquationTester\EquationTester.csproj", "{23E6761F-FF7C-465D-B910-712BDF1709B2}"
EndProject
Project("{FAE04EC0-301F-11D3-BF4B-00C04F79EFBC}") = "Library", "Модуль 01 - Введение в C Sharp\Лекция 06 - Автоматическое тестирование\Library\Library.csproj", "{71282F4A-4A50-4301-8947-FFD2C6E75C7B}"
EndProject
Project("{FAE04EC0-301F-11D3-BF4B-00C04F79EFBC}") = "TestProject", "Модуль 01 - Введение в C Sharp\Лекция 06 - Автоматическое тестирование\TestProject\TestProject.csproj", "{818F6BFF-622C-469E-B0DD-8025A230598E}"
EndProject
Project("{2150E333-8FDC-42A3-9474-1A3956D46DE8}") = "Модуль 02 - Анализ алгоритмов", "Модуль 02 - Анализ алгоритмов", "{2567B58A-84B0-481D-89B8-15663574F582}"
EndProject
Project("{FAE04EC0-301F-11D3-BF4B-00C04F79EFBC}") = "Лекция 09 - Поиск и сортировка", "Lecture09\Лекция 09 - Поиск и сортировка.csproj", "{7900BA67-EB6F-4FF5-9379-8D9A01735167}"
EndProject
Project("{FAE04EC0-301F-11D3-BF4B-00C04F79EFBC}") = "Лекция 08 - Рекурсия и переборные алгоритмы", "Lecture08\Лекция 08 - Рекурсия и переборные алгоритмы.csproj", "{C4C2E847-53E9-4466-9DC1-A63AB68C78F4}"
EndProject
Project("{2150E333-8FDC-42A3-9474-1A3956D46DE8}") = "Модуль 03 - Введение в ООП", "Модуль 03 - Введение в ООП", "{6921007F-A12B-46C2-8CD3-C2A911E983BB}"
	ProjectSection(SolutionItems) = preProject
		Модуль 01 - Введение в C Sharp\Лекция 05 - Коллекции, строки и файлы\S04 - Передача строк в метод.odp = Модуль 01 - Введение в C Sharp\Лекция 05 - Коллекции, строки и файлы\S04 - Передача строк в метод.odp
	EndProjectSection
EndProject
Project("{FAE04EC0-301F-11D3-BF4B-00C04F79EFBC}") = "Лекция 10 - Инкапсуляция", "Lecture10\Лекция 10 - Инкапсуляция.csproj", "{F0413383-C770-41C7-8D3A-D30BEB0B5BD6}"
EndProject
Global
	GlobalSection(SolutionConfigurationPlatforms) = preSolution
		Debug|Any CPU = Debug|Any CPU
		Debug|Mixed Platforms = Debug|Mixed Platforms
		Debug|x86 = Debug|x86
		Release|Any CPU = Release|Any CPU
		Release|Mixed Platforms = Release|Mixed Platforms
		Release|x86 = Release|x86
	EndGlobalSection
	GlobalSection(ProjectConfigurationPlatforms) = postSolution
		{DF511F11-A987-4EB0-BE35-BC17761F4361}.Debug|Any CPU.ActiveCfg = Debug|Any CPU
		{DF511F11-A987-4EB0-BE35-BC17761F4361}.Debug|Any CPU.Build.0 = Debug|Any CPU
		{DF511F11-A987-4EB0-BE35-BC17761F4361}.Debug|Mixed Platforms.ActiveCfg = Debug|Any CPU
		{DF511F11-A987-4EB0-BE35-BC17761F4361}.Debug|Mixed Platforms.Build.0 = Debug|Any CPU
		{DF511F11-A987-4EB0-BE35-BC17761F4361}.Debug|x86.ActiveCfg = Debug|Any CPU
		{DF511F11-A987-4EB0-BE35-BC17761F4361}.Release|Any CPU.ActiveCfg = Release|Any CPU
		{DF511F11-A987-4EB0-BE35-BC17761F4361}.Release|Any CPU.Build.0 = Release|Any CPU
		{DF511F11-A987-4EB0-BE35-BC17761F4361}.Release|Mixed Platforms.ActiveCfg = Release|Any CPU
		{DF511F11-A987-4EB0-BE35-BC17761F4361}.Release|Mixed Platforms.Build.0 = Release|Any CPU
		{DF511F11-A987-4EB0-BE35-BC17761F4361}.Release|x86.ActiveCfg = Release|Any CPU
		{D8406531-C157-4465-A4AE-8C405CBDE83C}.Debug|Any CPU.ActiveCfg = Debug|Any CPU
		{D8406531-C157-4465-A4AE-8C405CBDE83C}.Debug|Any CPU.Build.0 = Debug|Any CPU
		{D8406531-C157-4465-A4AE-8C405CBDE83C}.Debug|Mixed Platforms.ActiveCfg = Debug|Any CPU
		{D8406531-C157-4465-A4AE-8C405CBDE83C}.Debug|Mixed Platforms.Build.0 = Debug|Any CPU
		{D8406531-C157-4465-A4AE-8C405CBDE83C}.Debug|x86.ActiveCfg = Debug|Any CPU
		{D8406531-C157-4465-A4AE-8C405CBDE83C}.Release|Any CPU.ActiveCfg = Release|Any CPU
		{D8406531-C157-4465-A4AE-8C405CBDE83C}.Release|Any CPU.Build.0 = Release|Any CPU
		{D8406531-C157-4465-A4AE-8C405CBDE83C}.Release|Mixed Platforms.ActiveCfg = Release|Any CPU
		{D8406531-C157-4465-A4AE-8C405CBDE83C}.Release|Mixed Platforms.Build.0 = Release|Any CPU
		{D8406531-C157-4465-A4AE-8C405CBDE83C}.Release|x86.ActiveCfg = Release|Any CPU
		{40AC4BFD-A067-4B5E-968B-ABB793797980}.Debug|Any CPU.ActiveCfg = Debug|Any CPU
		{40AC4BFD-A067-4B5E-968B-ABB793797980}.Debug|Any CPU.Build.0 = Debug|Any CPU
		{40AC4BFD-A067-4B5E-968B-ABB793797980}.Debug|Mixed Platforms.ActiveCfg = Debug|Any CPU
		{40AC4BFD-A067-4B5E-968B-ABB793797980}.Debug|Mixed Platforms.Build.0 = Debug|Any CPU
		{40AC4BFD-A067-4B5E-968B-ABB793797980}.Debug|x86.ActiveCfg = Debug|Any CPU
		{40AC4BFD-A067-4B5E-968B-ABB793797980}.Release|Any CPU.ActiveCfg = Release|Any CPU
		{40AC4BFD-A067-4B5E-968B-ABB793797980}.Release|Any CPU.Build.0 = Release|Any CPU
		{40AC4BFD-A067-4B5E-968B-ABB793797980}.Release|Mixed Platforms.ActiveCfg = Release|Any CPU
		{40AC4BFD-A067-4B5E-968B-ABB793797980}.Release|Mixed Platforms.Build.0 = Release|Any CPU
		{40AC4BFD-A067-4B5E-968B-ABB793797980}.Release|x86.ActiveCfg = Release|Any CPU
		{F8756C5B-DAD0-4E0F-AAA8-B805F7DA548F}.Debug|Any CPU.ActiveCfg = Debug|Any CPU
		{F8756C5B-DAD0-4E0F-AAA8-B805F7DA548F}.Debug|Any CPU.Build.0 = Debug|Any CPU
		{F8756C5B-DAD0-4E0F-AAA8-B805F7DA548F}.Debug|Mixed Platforms.ActiveCfg = Debug|Any CPU
		{F8756C5B-DAD0-4E0F-AAA8-B805F7DA548F}.Debug|Mixed Platforms.Build.0 = Debug|Any CPU
		{F8756C5B-DAD0-4E0F-AAA8-B805F7DA548F}.Debug|x86.ActiveCfg = Debug|Any CPU
		{F8756C5B-DAD0-4E0F-AAA8-B805F7DA548F}.Release|Any CPU.ActiveCfg = Release|Any CPU
		{F8756C5B-DAD0-4E0F-AAA8-B805F7DA548F}.Release|Any CPU.Build.0 = Release|Any CPU
		{F8756C5B-DAD0-4E0F-AAA8-B805F7DA548F}.Release|Mixed Platforms.ActiveCfg = Release|Any CPU
		{F8756C5B-DAD0-4E0F-AAA8-B805F7DA548F}.Release|Mixed Platforms.Build.0 = Release|Any CPU
		{F8756C5B-DAD0-4E0F-AAA8-B805F7DA548F}.Release|x86.ActiveCfg = Release|Any CPU
		{3E935AD3-A87B-44AD-B221-BBB9EB6FAF0B}.Debug|Any CPU.ActiveCfg = Debug|Any CPU
		{3E935AD3-A87B-44AD-B221-BBB9EB6FAF0B}.Debug|Any CPU.Build.0 = Debug|Any CPU
		{3E935AD3-A87B-44AD-B221-BBB9EB6FAF0B}.Debug|Mixed Platforms.ActiveCfg = Debug|Any CPU
		{3E935AD3-A87B-44AD-B221-BBB9EB6FAF0B}.Debug|Mixed Platforms.Build.0 = Debug|Any CPU
		{3E935AD3-A87B-44AD-B221-BBB9EB6FAF0B}.Debug|x86.ActiveCfg = Debug|Any CPU
		{3E935AD3-A87B-44AD-B221-BBB9EB6FAF0B}.Release|Any CPU.ActiveCfg = Release|Any CPU
		{3E935AD3-A87B-44AD-B221-BBB9EB6FAF0B}.Release|Any CPU.Build.0 = Release|Any CPU
		{3E935AD3-A87B-44AD-B221-BBB9EB6FAF0B}.Release|Mixed Platforms.ActiveCfg = Release|Any CPU
		{3E935AD3-A87B-44AD-B221-BBB9EB6FAF0B}.Release|Mixed Platforms.Build.0 = Release|Any CPU
		{3E935AD3-A87B-44AD-B221-BBB9EB6FAF0B}.Release|x86.ActiveCfg = Release|Any CPU
		{36088E0C-261E-4722-908D-B1B9E1E994A9}.Debug|Any CPU.ActiveCfg = Debug|Any CPU
		{36088E0C-261E-4722-908D-B1B9E1E994A9}.Debug|Any CPU.Build.0 = Debug|Any CPU
		{36088E0C-261E-4722-908D-B1B9E1E994A9}.Debug|Mixed Platforms.ActiveCfg = Debug|Any CPU
		{36088E0C-261E-4722-908D-B1B9E1E994A9}.Debug|Mixed Platforms.Build.0 = Debug|Any CPU
		{36088E0C-261E-4722-908D-B1B9E1E994A9}.Debug|x86.ActiveCfg = Debug|Any CPU
		{36088E0C-261E-4722-908D-B1B9E1E994A9}.Release|Any CPU.ActiveCfg = Release|Any CPU
		{36088E0C-261E-4722-908D-B1B9E1E994A9}.Release|Any CPU.Build.0 = Release|Any CPU
		{36088E0C-261E-4722-908D-B1B9E1E994A9}.Release|Mixed Platforms.ActiveCfg = Release|Any CPU
		{36088E0C-261E-4722-908D-B1B9E1E994A9}.Release|Mixed Platforms.Build.0 = Release|Any CPU
		{36088E0C-261E-4722-908D-B1B9E1E994A9}.Release|x86.ActiveCfg = Release|Any CPU
		{358E181E-2931-4A5A-A49F-FA1C4CB55C10}.Debug|Any CPU.ActiveCfg = Debug|Any CPU
		{358E181E-2931-4A5A-A49F-FA1C4CB55C10}.Debug|Any CPU.Build.0 = Debug|Any CPU
		{358E181E-2931-4A5A-A49F-FA1C4CB55C10}.Debug|Mixed Platforms.ActiveCfg = Debug|Any CPU
		{358E181E-2931-4A5A-A49F-FA1C4CB55C10}.Debug|Mixed Platforms.Build.0 = Debug|Any CPU
		{358E181E-2931-4A5A-A49F-FA1C4CB55C10}.Debug|x86.ActiveCfg = Debug|Any CPU
		{358E181E-2931-4A5A-A49F-FA1C4CB55C10}.Release|Any CPU.ActiveCfg = Release|Any CPU
		{358E181E-2931-4A5A-A49F-FA1C4CB55C10}.Release|Any CPU.Build.0 = Release|Any CPU
		{358E181E-2931-4A5A-A49F-FA1C4CB55C10}.Release|Mixed Platforms.ActiveCfg = Release|Any CPU
		{358E181E-2931-4A5A-A49F-FA1C4CB55C10}.Release|Mixed Platforms.Build.0 = Release|Any CPU
		{358E181E-2931-4A5A-A49F-FA1C4CB55C10}.Release|x86.ActiveCfg = Release|Any CPU
		{23E6761F-FF7C-465D-B910-712BDF1709B2}.Debug|Any CPU.ActiveCfg = Debug|Any CPU
		{23E6761F-FF7C-465D-B910-712BDF1709B2}.Debug|Any CPU.Build.0 = Debug|Any CPU
		{23E6761F-FF7C-465D-B910-712BDF1709B2}.Debug|Mixed Platforms.ActiveCfg = Debug|Any CPU
		{23E6761F-FF7C-465D-B910-712BDF1709B2}.Debug|Mixed Platforms.Build.0 = Debug|Any CPU
		{23E6761F-FF7C-465D-B910-712BDF1709B2}.Debug|x86.ActiveCfg = Debug|Any CPU
		{23E6761F-FF7C-465D-B910-712BDF1709B2}.Release|Any CPU.ActiveCfg = Release|Any CPU
		{23E6761F-FF7C-465D-B910-712BDF1709B2}.Release|Any CPU.Build.0 = Release|Any CPU
		{23E6761F-FF7C-465D-B910-712BDF1709B2}.Release|Mixed Platforms.ActiveCfg = Release|Any CPU
		{23E6761F-FF7C-465D-B910-712BDF1709B2}.Release|Mixed Platforms.Build.0 = Release|Any CPU
		{23E6761F-FF7C-465D-B910-712BDF1709B2}.Release|x86.ActiveCfg = Release|Any CPU
		{71282F4A-4A50-4301-8947-FFD2C6E75C7B}.Debug|Any CPU.ActiveCfg = Debug|Any CPU
		{71282F4A-4A50-4301-8947-FFD2C6E75C7B}.Debug|Any CPU.Build.0 = Debug|Any CPU
		{71282F4A-4A50-4301-8947-FFD2C6E75C7B}.Debug|Mixed Platforms.ActiveCfg = Debug|Any CPU
		{71282F4A-4A50-4301-8947-FFD2C6E75C7B}.Debug|Mixed Platforms.Build.0 = Debug|Any CPU
		{71282F4A-4A50-4301-8947-FFD2C6E75C7B}.Debug|x86.ActiveCfg = Debug|Any CPU
		{71282F4A-4A50-4301-8947-FFD2C6E75C7B}.Release|Any CPU.ActiveCfg = Release|Any CPU
		{71282F4A-4A50-4301-8947-FFD2C6E75C7B}.Release|Any CPU.Build.0 = Release|Any CPU
		{71282F4A-4A50-4301-8947-FFD2C6E75C7B}.Release|Mixed Platforms.ActiveCfg = Release|Any CPU
		{71282F4A-4A50-4301-8947-FFD2C6E75C7B}.Release|Mixed Platforms.Build.0 = Release|Any CPU
		{71282F4A-4A50-4301-8947-FFD2C6E75C7B}.Release|x86.ActiveCfg = Release|Any CPU
		{818F6BFF-622C-469E-B0DD-8025A230598E}.Debug|Any CPU.ActiveCfg = Debug|Any CPU
		{818F6BFF-622C-469E-B0DD-8025A230598E}.Debug|Any CPU.Build.0 = Debug|Any CPU
		{818F6BFF-622C-469E-B0DD-8025A230598E}.Debug|Mixed Platforms.ActiveCfg = Debug|Any CPU
		{818F6BFF-622C-469E-B0DD-8025A230598E}.Debug|Mixed Platforms.Build.0 = Debug|Any CPU
		{818F6BFF-622C-469E-B0DD-8025A230598E}.Debug|x86.ActiveCfg = Debug|Any CPU
		{818F6BFF-622C-469E-B0DD-8025A230598E}.Release|Any CPU.ActiveCfg = Release|Any CPU
		{818F6BFF-622C-469E-B0DD-8025A230598E}.Release|Any CPU.Build.0 = Release|Any CPU
		{818F6BFF-622C-469E-B0DD-8025A230598E}.Release|Mixed Platforms.ActiveCfg = Release|Any CPU
		{818F6BFF-622C-469E-B0DD-8025A230598E}.Release|Mixed Platforms.Build.0 = Release|Any CPU
		{818F6BFF-622C-469E-B0DD-8025A230598E}.Release|x86.ActiveCfg = Release|Any CPU
		{7900BA67-EB6F-4FF5-9379-8D9A01735167}.Debug|Any CPU.ActiveCfg = Debug|Any CPU
		{7900BA67-EB6F-4FF5-9379-8D9A01735167}.Debug|Any CPU.Build.0 = Debug|Any CPU
		{7900BA67-EB6F-4FF5-9379-8D9A01735167}.Debug|Mixed Platforms.ActiveCfg = Debug|Any CPU
		{7900BA67-EB6F-4FF5-9379-8D9A01735167}.Debug|Mixed Platforms.Build.0 = Debug|Any CPU
		{7900BA67-EB6F-4FF5-9379-8D9A01735167}.Debug|x86.ActiveCfg = Debug|Any CPU
		{7900BA67-EB6F-4FF5-9379-8D9A01735167}.Release|Any CPU.ActiveCfg = Release|Any CPU
		{7900BA67-EB6F-4FF5-9379-8D9A01735167}.Release|Any CPU.Build.0 = Release|Any CPU
		{7900BA67-EB6F-4FF5-9379-8D9A01735167}.Release|Mixed Platforms.ActiveCfg = Release|Any CPU
		{7900BA67-EB6F-4FF5-9379-8D9A01735167}.Release|Mixed Platforms.Build.0 = Release|Any CPU
		{7900BA67-EB6F-4FF5-9379-8D9A01735167}.Release|x86.ActiveCfg = Release|Any CPU
		{C4C2E847-53E9-4466-9DC1-A63AB68C78F4}.Debug|Any CPU.ActiveCfg = Debug|Any CPU
		{C4C2E847-53E9-4466-9DC1-A63AB68C78F4}.Debug|Any CPU.Build.0 = Debug|Any CPU
		{C4C2E847-53E9-4466-9DC1-A63AB68C78F4}.Debug|Mixed Platforms.ActiveCfg = Debug|Any CPU
		{C4C2E847-53E9-4466-9DC1-A63AB68C78F4}.Debug|Mixed Platforms.Build.0 = Debug|Any CPU
		{C4C2E847-53E9-4466-9DC1-A63AB68C78F4}.Debug|x86.ActiveCfg = Debug|Any CPU
		{C4C2E847-53E9-4466-9DC1-A63AB68C78F4}.Release|Any CPU.ActiveCfg = Release|Any CPU
		{C4C2E847-53E9-4466-9DC1-A63AB68C78F4}.Release|Any CPU.Build.0 = Release|Any CPU
		{C4C2E847-53E9-4466-9DC1-A63AB68C78F4}.Release|Mixed Platforms.ActiveCfg = Release|Any CPU
		{C4C2E847-53E9-4466-9DC1-A63AB68C78F4}.Release|Mixed Platforms.Build.0 = Release|Any CPU
		{C4C2E847-53E9-4466-9DC1-A63AB68C78F4}.Release|x86.ActiveCfg = Release|Any CPU
		{F0413383-C770-41C7-8D3A-D30BEB0B5BD6}.Debug|Any CPU.ActiveCfg = Debug|Any CPU
		{F0413383-C770-41C7-8D3A-D30BEB0B5BD6}.Debug|Any CPU.Build.0 = Debug|Any CPU
		{F0413383-C770-41C7-8D3A-D30BEB0B5BD6}.Debug|Mixed Platforms.ActiveCfg = Debug|Any CPU
		{F0413383-C770-41C7-8D3A-D30BEB0B5BD6}.Debug|Mixed Platforms.Build.0 = Debug|Any CPU
		{F0413383-C770-41C7-8D3A-D30BEB0B5BD6}.Debug|x86.ActiveCfg = Debug|Any CPU
		{F0413383-C770-41C7-8D3A-D30BEB0B5BD6}.Release|Any CPU.ActiveCfg = Release|Any CPU
		{F0413383-C770-41C7-8D3A-D30BEB0B5BD6}.Release|Any CPU.Build.0 = Release|Any CPU
		{F0413383-C770-41C7-8D3A-D30BEB0B5BD6}.Release|Mixed Platforms.ActiveCfg = Release|Any CPU
		{F0413383-C770-41C7-8D3A-D30BEB0B5BD6}.Release|Mixed Platforms.Build.0 = Release|Any CPU
		{F0413383-C770-41C7-8D3A-D30BEB0B5BD6}.Release|x86.ActiveCfg = Release|Any CPU
	EndGlobalSection
	GlobalSection(SolutionProperties) = preSolution
		HideSolutionNode = FALSE
	EndGlobalSection
	GlobalSection(NestedProjects) = preSolution
		{DF511F11-A987-4EB0-BE35-BC17761F4361} = {4ED1D997-A179-4BE6-B6CB-A36FE7380ACE}
		{D978B0B6-2118-4863-9DA2-234963865730} = {4ED1D997-A179-4BE6-B6CB-A36FE7380ACE}
		{F8756C5B-DAD0-4E0F-AAA8-B805F7DA548F} = {4ED1D997-A179-4BE6-B6CB-A36FE7380ACE}
		{3E935AD3-A87B-44AD-B221-BBB9EB6FAF0B} = {4ED1D997-A179-4BE6-B6CB-A36FE7380ACE}
		{36088E0C-261E-4722-908D-B1B9E1E994A9} = {4ED1D997-A179-4BE6-B6CB-A36FE7380ACE}
		{9BE9A6CD-59DA-4B0E-922B-18C2B682B9CF} = {4ED1D997-A179-4BE6-B6CB-A36FE7380ACE}
		{D8406531-C157-4465-A4AE-8C405CBDE83C} = {D978B0B6-2118-4863-9DA2-234963865730}
		{40AC4BFD-A067-4B5E-968B-ABB793797980} = {D978B0B6-2118-4863-9DA2-234963865730}
		{358E181E-2931-4A5A-A49F-FA1C4CB55C10} = {DB1EC180-2BA0-4FAE-82C8-3EA1A6845FA3}
		{23E6761F-FF7C-465D-B910-712BDF1709B2} = {9BE9A6CD-59DA-4B0E-922B-18C2B682B9CF}
		{71282F4A-4A50-4301-8947-FFD2C6E75C7B} = {9BE9A6CD-59DA-4B0E-922B-18C2B682B9CF}
		{818F6BFF-622C-469E-B0DD-8025A230598E} = {9BE9A6CD-59DA-4B0E-922B-18C2B682B9CF}
		{7900BA67-EB6F-4FF5-9379-8D9A01735167} = {2567B58A-84B0-481D-89B8-15663574F582}
		{C4C2E847-53E9-4466-9DC1-A63AB68C78F4} = {2567B58A-84B0-481D-89B8-15663574F582}
		{F0413383-C770-41C7-8D3A-D30BEB0B5BD6} = {6921007F-A12B-46C2-8CD3-C2A911E983BB}
	EndGlobalSection
EndGlobal
